
Microsoft Visual Studio Solution File, Format Version 12.00
# Visual Studio Version 17
VisualStudioVersion = 17.4.33205.214
MinimumVisualStudioVersion = 10.0.40219.1
Project("{FAE04EC0-301F-11D3-BF4B-00C04F79EFBC}") = "FizzApps", "FizzApps.csproj", "{4D7E0C46-4272-416C-8787-C6564246FA6B}"
EndProject
Global
	GlobalSection(SolutionConfigurationPlatforms) = preSolution
		Debug|Any CPU = Debug|Any CPU
		Release|Any CPU = Release|Any CPU
	EndGlobalSection
	GlobalSection(ProjectConfigurationPlatforms) = postSolution
		{4D7E0C46-4272-416C-8787-C6564246FA6B}.Debug|Any CPU.ActiveCfg = Debug|Any CPU
		{4D7E0C46-4272-416C-8787-C6564246FA6B}.Debug|Any CPU.Build.0 = Debug|Any CPU
		{4D7E0C46-4272-416C-8787-C6564246FA6B}.Release|Any CPU.ActiveCfg = Release|Any CPU
		{4D7E0C46-4272-416C-8787-C6564246FA6B}.Release|Any CPU.Build.0 = Release|Any CPU
	EndGlobalSection
	GlobalSection(SolutionProperties) = preSolution
		HideSolutionNode = FALSE
	EndGlobalSection
	GlobalSection(ExtensibilityGlobals) = postSolution
		SolutionGuid = {5C96E604-CB5D-48C9-90E3-76DC03D6418B}
	EndGlobalSection
EndGlobal
